
Microsoft Visual Studio Solution File, Format Version 12.00
# Visual Studio Version 17
VisualStudioVersion = 17.7.34009.444
MinimumVisualStudioVersion = 10.0.40219.1
Project("{FAE04EC0-301F-11D3-BF4B-00C04F79EFBC}") = "Yoo.Trainees.CustomURL", "Yoo.Trainees.CustomURL\Yoo.Trainees.CustomURL.csproj", "{354DE1B5-5CEC-464B-B151-6A9711EA2856}"
EndProject
Global
	GlobalSection(SolutionConfigurationPlatforms) = preSolution
		Debug|Any CPU = Debug|Any CPU
		Release|Any CPU = Release|Any CPU
	EndGlobalSection
	GlobalSection(ProjectConfigurationPlatforms) = postSolution
		{354DE1B5-5CEC-464B-B151-6A9711EA2856}.Debug|Any CPU.ActiveCfg = Debug|Any CPU
		{354DE1B5-5CEC-464B-B151-6A9711EA2856}.Debug|Any CPU.Build.0 = Debug|Any CPU
		{354DE1B5-5CEC-464B-B151-6A9711EA2856}.Release|Any CPU.ActiveCfg = Release|Any CPU
		{354DE1B5-5CEC-464B-B151-6A9711EA2856}.Release|Any CPU.Build.0 = Release|Any CPU
	EndGlobalSection
	GlobalSection(SolutionProperties) = preSolution
		HideSolutionNode = FALSE
	EndGlobalSection
	GlobalSection(ExtensibilityGlobals) = postSolution
		SolutionGuid = {9426945B-1EAC-4A83-BA54-3C537D7F9B3C}
	EndGlobalSection
EndGlobal
